
Microsoft Visual Studio Solution File, Format Version 12.00
# Visual Studio 14
VisualStudioVersion = 14.0.25420.1
MinimumVisualStudioVersion = 10.0.40219.1
Project("{2150E333-8FDC-42A3-9474-1A3956D46DE8}") = "src", "src", "{C3E66F0C-A09E-4286-B603-196B746140DB}"
EndProject
Project("{2150E333-8FDC-42A3-9474-1A3956D46DE8}") = "Solution Items", "Solution Items", "{B940CB6C-A514-4D36-845B-EE0CE9C6DDF6}"
	ProjectSection(SolutionItems) = preProject
		global.json = global.json
	EndProjectSection
EndProject
Project("{2150E333-8FDC-42A3-9474-1A3956D46DE8}") = "test", "test", "{55BBCECF-60F8-4D97-B527-C0E9F9E89DFC}"
EndProject
Project("{8BB2217D-0F2D-49D1-97BC-3654ED321F3B}") = "AWDCMSFramework.Domain", "src\AWDCMSFramework.Domain\AWDCMSFramework.Domain.xproj", "{4354596F-DA27-4A81-B22C-B88E046A57D5}"
EndProject
Project("{8BB2217D-0F2D-49D1-97BC-3654ED321F3B}") = "AWDCMSFramework.Repository", "src\AWDCMSFramework.Repository\AWDCMSFramework.Repository.xproj", "{A5CE5853-E19C-4FA2-B87A-A2BCD965274D}"
EndProject
Project("{8BB2217D-0F2D-49D1-97BC-3654ED321F3B}") = "AWDCMSFramework.Tests", "test\AWDCMSFramework.Tests\AWDCMSFramework.Tests.xproj", "{C3249EFB-9146-4215-B75E-821C32AA0033}"
EndProject
Project("{8BB2217D-0F2D-49D1-97BC-3654ED321F3B}") = "AWDCMSFramework.Web", "src\AWDCMSFramework.Web\AWDCMSFramework.Web.xproj", "{AB8A9539-9D38-4524-9C6D-FBDD8BDCD970}"
EndProject
Global
	GlobalSection(SolutionConfigurationPlatforms) = preSolution
		Debug|Any CPU = Debug|Any CPU
		Release|Any CPU = Release|Any CPU
	EndGlobalSection
	GlobalSection(ProjectConfigurationPlatforms) = postSolution
		{4354596F-DA27-4A81-B22C-B88E046A57D5}.Debug|Any CPU.ActiveCfg = Debug|Any CPU
		{4354596F-DA27-4A81-B22C-B88E046A57D5}.Debug|Any CPU.Build.0 = Debug|Any CPU
		{4354596F-DA27-4A81-B22C-B88E046A57D5}.Release|Any CPU.ActiveCfg = Release|Any CPU
		{4354596F-DA27-4A81-B22C-B88E046A57D5}.Release|Any CPU.Build.0 = Release|Any CPU
		{A5CE5853-E19C-4FA2-B87A-A2BCD965274D}.Debug|Any CPU.ActiveCfg = Debug|Any CPU
		{A5CE5853-E19C-4FA2-B87A-A2BCD965274D}.Debug|Any CPU.Build.0 = Debug|Any CPU
		{A5CE5853-E19C-4FA2-B87A-A2BCD965274D}.Release|Any CPU.ActiveCfg = Release|Any CPU
		{A5CE5853-E19C-4FA2-B87A-A2BCD965274D}.Release|Any CPU.Build.0 = Release|Any CPU
		{C3249EFB-9146-4215-B75E-821C32AA0033}.Debug|Any CPU.ActiveCfg = Debug|Any CPU
		{C3249EFB-9146-4215-B75E-821C32AA0033}.Debug|Any CPU.Build.0 = Debug|Any CPU
		{C3249EFB-9146-4215-B75E-821C32AA0033}.Release|Any CPU.ActiveCfg = Release|Any CPU
		{C3249EFB-9146-4215-B75E-821C32AA0033}.Release|Any CPU.Build.0 = Release|Any CPU
		{AB8A9539-9D38-4524-9C6D-FBDD8BDCD970}.Debug|Any CPU.ActiveCfg = Debug|Any CPU
		{AB8A9539-9D38-4524-9C6D-FBDD8BDCD970}.Debug|Any CPU.Build.0 = Debug|Any CPU
		{AB8A9539-9D38-4524-9C6D-FBDD8BDCD970}.Release|Any CPU.ActiveCfg = Release|Any CPU
		{AB8A9539-9D38-4524-9C6D-FBDD8BDCD970}.Release|Any CPU.Build.0 = Release|Any CPU
	EndGlobalSection
	GlobalSection(SolutionProperties) = preSolution
		HideSolutionNode = FALSE
	EndGlobalSection
	GlobalSection(NestedProjects) = preSolution
		{4354596F-DA27-4A81-B22C-B88E046A57D5} = {C3E66F0C-A09E-4286-B603-196B746140DB}
		{A5CE5853-E19C-4FA2-B87A-A2BCD965274D} = {C3E66F0C-A09E-4286-B603-196B746140DB}
		{C3249EFB-9146-4215-B75E-821C32AA0033} = {55BBCECF-60F8-4D97-B527-C0E9F9E89DFC}
		{AB8A9539-9D38-4524-9C6D-FBDD8BDCD970} = {C3E66F0C-A09E-4286-B603-196B746140DB}
	EndGlobalSection
EndGlobal
